
Microsoft Visual Studio Solution File, Format Version 12.00
# Visual Studio Version 16
VisualStudioVersion = 16.0.31313.79
MinimumVisualStudioVersion = 10.0.40219.1
Project("{FAE04EC0-301F-11D3-BF4B-00C04F79EFBC}") = "Transactions", "Transactions\Transactions.csproj", "{635CC539-088D-40DC-9F78-7D2BD3B747CB}"
EndProject
Global
	GlobalSection(SolutionConfigurationPlatforms) = preSolution
		Debug|Any CPU = Debug|Any CPU
		Release|Any CPU = Release|Any CPU
	EndGlobalSection
	GlobalSection(ProjectConfigurationPlatforms) = postSolution
		{635CC539-088D-40DC-9F78-7D2BD3B747CB}.Debug|Any CPU.ActiveCfg = Debug|Any CPU
		{635CC539-088D-40DC-9F78-7D2BD3B747CB}.Debug|Any CPU.Build.0 = Debug|Any CPU
		{635CC539-088D-40DC-9F78-7D2BD3B747CB}.Release|Any CPU.ActiveCfg = Release|Any CPU
		{635CC539-088D-40DC-9F78-7D2BD3B747CB}.Release|Any CPU.Build.0 = Release|Any CPU
	EndGlobalSection
	GlobalSection(SolutionProperties) = preSolution
		HideSolutionNode = FALSE
	EndGlobalSection
	GlobalSection(ExtensibilityGlobals) = postSolution
		SolutionGuid = {83F075CB-ABBF-453D-B5D4-704315AE4B8C}
	EndGlobalSection
EndGlobal
